// !$*UTF8*$!
{
	archiveVersion = 1;
	classes = {
	};
	objectVersion = 56;
	objects = {

/* Begin PBXBuildFile section */
		C8F4D0912A0DF85F0042D28A /* AppDelegate.swift in Sources */ = {isa = PBXBuildFile; fileRef = C8F4D0902A0DF85F0042D28A /* AppDelegate.swift */; };
		C8F4D0932A0DF85F0042D28A /* SceneDelegate.swift in Sources */ = {isa = PBXBuildFile; fileRef = C8F4D0922A0DF85F0042D28A /* SceneDelegate.swift */; };
		C8F4D0952A0DF85F0042D28A /* ViewController.swift in Sources */ = {isa = PBXBuildFile; fileRef = C8F4D0942A0DF85F0042D28A /* ViewController.swift */; };
		C8F4D0982A0DF85F0042D28A /* Main.storyboard in Resources */ = {isa = PBXBuildFile; fileRef = C8F4D0962A0DF85F0042D28A /* Main.storyboard */; };
		C8F4D09A2A0DF8600042D28A /* Assets.xcassets in Resources */ = {isa = PBXBuildFile; fileRef = C8F4D0992A0DF8600042D28A /* Assets.xcassets */; };
		C8F4D09D2A0DF8600042D28A /* LaunchScreen.storyboard in Resources */ = {isa = PBXBuildFile; fileRef = C8F4D09B2A0DF8600042D28A /* LaunchScreen.storyboard */; };
		C8F4D0A52A0DF8B70042D28A /* Cell.swift in Sources */ = {isa = PBXBuildFile; fileRef = C8F4D0A42A0DF8B60042D28A /* Cell.swift */; };
		C8F4D0A82A0DFBE70042D28A /* Footer.swift in Sources */ = {isa = PBXBuildFile; fileRef = C8F4D0A62A0DFBE70042D28A /* Footer.swift */; };
/* End PBXBuildFile section */

/* Begin PBXFileReference section */
		C8F4D08D2A0DF85F0042D28A /* CompositionalLayoutDemo.app */ = {isa = PBXFileReference; explicitFileType = wrapper.application; includeInIndex = 0; path = CompositionalLayoutDemo.app; sourceTree = BUILT_PRODUCTS_DIR; };
		C8F4D0902A0DF85F0042D28A /* AppDelegate.swift */ = {isa = PBXFileReference; lastKnownFileType = sourcecode.swift; path = AppDelegate.swift; sourceTree = "<group>"; };
		C8F4D0922A0DF85F0042D28A /* SceneDelegate.swift */ = {isa = PBXFileReference; lastKnownFileType = sourcecode.swift; path = SceneDelegate.swift; sourceTree = "<group>"; };
		C8F4D0942A0DF85F0042D28A /* ViewController.swift */ = {isa = PBXFileReference; lastKnownFileType = sourcecode.swift; path = ViewController.swift; sourceTree = "<group>"; };
		C8F4D0972A0DF85F0042D28A /* Base */ = {isa = PBXFileReference; lastKnownFileType = file.storyboard; name = Base; path = Base.lproj/Main.storyboard; sourceTree = "<group>"; };
		C8F4D0992A0DF8600042D28A /* Assets.xcassets */ = {isa = PBXFileReference; lastKnownFileType = folder.assetcatalog; path = Assets.xcassets; sourceTree = "<group>"; };
		C8F4D09C2A0DF8600042D28A /* Base */ = {isa = PBXFileReference; lastKnownFileType = file.storyboard; name = Base; path = Base.lproj/LaunchScreen.storyboard; sourceTree = "<group>"; };
		C8F4D09E2A0DF8600042D28A /* Info.plist */ = {isa = PBXFileReference; lastKnownFileType = text.plist.xml; path = Info.plist; sourceTree = "<group>"; };
		C8F4D0A42A0DF8B60042D28A /* Cell.swift */ = {isa = PBXFileReference; lastKnownFileType = sourcecode.swift; path = Cell.swift; sourceTree = "<group>"; };
		C8F4D0A62A0DFBE70042D28A /* Footer.swift */ = {isa = PBXFileReference; lastKnownFileType = sourcecode.swift; path = Footer.swift; sourceTree = "<group>"; };
/* End PBXFileReference section */

/* Begin PBXFrameworksBuildPhase section */
		C8F4D08A2A0DF85F0042D28A /* Frameworks */ = {
			isa = PBXFrameworksBuildPhase;
			buildActionMask = 2147483647;
			files = (
			);
			runOnlyForDeploymentPostprocessing = 0;
		};
/* End PBXFrameworksBuildPhase section */

/* Begin PBXGroup section */
		C8F4D0842A0DF85F0042D28A = {
			isa = PBXGroup;
			children = (
				C8F4D08F2A0DF85F0042D28A /* CompositionalLayoutDemo */,
				C8F4D08E2A0DF85F0042D28A /* Products */,
			);
			sourceTree = "<group>";
		};
		C8F4D08E2A0DF85F0042D28A /* Products */ = {
			isa = PBXGroup;
			children = (
				C8F4D08D2A0DF85F0042D28A /* CompositionalLayoutDemo.app */,
			);
			name = Products;
			sourceTree = "<group>";
		};
		C8F4D08F2A0DF85F0042D28A /* CompositionalLayoutDemo */ = {
			isa = PBXGroup;
			children = (
				C8F4D0902A0DF85F0042D28A /* AppDelegate.swift */,
				C8F4D0922A0DF85F0042D28A /* SceneDelegate.swift */,
				C8F4D0A42A0DF8B60042D28A /* Cell.swift */,
				C8F4D0A62A0DFBE70042D28A /* Footer.swift */,
				C8F4D0942A0DF85F0042D28A /* ViewController.swift */,
				C8F4D0962A0DF85F0042D28A /* Main.storyboard */,
				C8F4D0992A0DF8600042D28A /* Assets.xcassets */,
				C8F4D09B2A0DF8600042D28A /* LaunchScreen.storyboard */,
				C8F4D09E2A0DF8600042D28A /* Info.plist */,
			);
			path = CompositionalLayoutDemo;
			sourceTree = "<group>";
		};
/* End PBXGroup section */

/* Begin PBXNativeTarget section */
		C8F4D08C2A0DF85F0042D28A /* CompositionalLayoutDemo */ = {
			isa = PBXNativeTarget;
			buildConfigurationList = C8F4D0A12A0DF8600042D28A /* Build configuration list for PBXNativeTarget "CompositionalLayoutDemo" */;
			buildPhases = (
				C8F4D0892A0DF85F0042D28A /* Sources */,
				C8F4D08A2A0DF85F0042D28A /* Frameworks */,
				C8F4D08B2A0DF85F0042D28A /* Resources */,
			);
			buildRules = (
			);
			dependencies = (
			);
			name = CompositionalLayoutDemo;
			productName = CompositionalLayoutDemo;
			productReference = C8F4D08D2A0DF85F0042D28A /* CompositionalLayoutDemo.app */;
			productType = "com.apple.product-type.application";
		};
/* End PBXNativeTarget section */

/* Begin PBXProject section */
		C8F4D0852A0DF85F0042D28A /* Project object */ = {
			isa = PBXProject;
			attributes = {
				BuildIndependentTargetsInParallel = 1;
				LastSwiftUpdateCheck = 1430;
				LastUpgradeCheck = 1430;
				TargetAttributes = {
					C8F4D08C2A0DF85F0042D28A = {
						CreatedOnToolsVersion = 14.3;
					};
				};
			};
			buildConfigurationList = C8F4D0882A0DF85F0042D28A /* Build configuration list for PBXProject "CompositionalLayoutDemo" */;
			compatibilityVersion = "Xcode 14.0";
			developmentRegion = en;
			hasScannedForEncodings = 0;
			knownRegions = (
				en,
				Base,
			);
			mainGroup = C8F4D0842A0DF85F0042D28A;
			productRefGroup = C8F4D08E2A0DF85F0042D28A /* Products */;
			projectDirPath = "";
			projectRoot = "";
			targets = (
				C8F4D08C2A0DF85F0042D28A /* CompositionalLayoutDemo */,
			);
		};
/* End PBXProject section */

/* Begin PBXResourcesBuildPhase section */
		C8F4D08B2A0DF85F0042D28A /* Resources */ = {
			isa = PBXResourcesBuildPhase;
			buildActionMask = 2147483647;
			files = (
				C8F4D09D2A0DF8600042D28A /* LaunchScreen.storyboard in Resources */,
				C8F4D09A2A0DF8600042D28A /* Assets.xcassets in Resources */,
				C8F4D0982A0DF85F0042D28A /* Main.storyboard in Resources */,
			);
			runOnlyForDeploymentPostprocessing = 0;
		};
/* End PBXResourcesBuildPhase section */

/* Begin PBXSourcesBuildPhase section */
		C8F4D0892A0DF85F0042D28A /* Sources */ = {
			isa = PBXSourcesBuildPhase;
			buildActionMask = 2147483647;
			files = (
				C8F4D0952A0DF85F0042D28A /* ViewController.swift in Sources */,
				C8F4D0A52A0DF8B70042D28A /* Cell.swift in Sources */,
				C8F4D0912A0DF85F0042D28A /* AppDelegate.swift in Sources */,
				C8F4D0932A0DF85F0042D28A /* SceneDelegate.swift in Sources */,
				C8F4D0A82A0DFBE70042D28A /* Footer.swift in Sources */,
			);
			runOnlyForDeploymentPostprocessing = 0;
		};
/* End PBXSourcesBuildPhase section */

/* Begin PBXVariantGroup section */
		C8F4D0962A0DF85F0042D28A /* Main.storyboard */ = {
			isa = PBXVariantGroup;
			children = (
				C8F4D0972A0DF85F0042D28A /* Base */,
			);
			name = Main.storyboard;
			sourceTree = "<group>";
		};
		C8F4D09B2A0DF8600042D28A /* LaunchScreen.storyboard */ = {
			isa = PBXVariantGroup;
			children = (
				C8F4D09C2A0DF8600042D28A /* Base */,
			);
			name = LaunchScreen.storyboard;
			sourceTree = "<group>";
		};
/* End PBXVariantGroup section */

/* Begin XCBuildConfiguration section */
		C8F4D09F2A0DF8600042D28A /* Debug */ = {
			isa = XCBuildConfiguration;
			buildSettings = {
				ALWAYS_SEARCH_USER_PATHS = NO;
				CLANG_ANALYZER_NONNULL = YES;
				CLANG_ANALYZER_NUMBER_OBJECT_CONVERSION = YES_AGGRESSIVE;
				CLANG_CXX_LANGUAGE_STANDARD = "gnu++20";
				CLANG_ENABLE_MODULES = YES;
				CLANG_ENABLE_OBJC_ARC = YES;
				CLANG_ENABLE_OBJC_WEAK = YES;
				CLANG_WARN_BLOCK_CAPTURE_AUTORELEASING = YES;
				CLANG_WARN_BOOL_CONVERSION = YES;
				CLANG_WARN_COMMA = YES;
				CLANG_WARN_CONSTANT_CONVERSION = YES;
				CLANG_WARN_DEPRECATED_OBJC_IMPLEMENTATIONS = YES;
				CLANG_WARN_DIRECT_OBJC_ISA_USAGE = YES_ERROR;
				CLANG_WARN_DOCUMENTATION_COMMENTS = YES;
				CLANG_WARN_EMPTY_BODY = YES;
				CLANG_WARN_ENUM_CONVERSION = YES;
				CLANG_WARN_INFINITE_RECURSION = YES;
				CLANG_WARN_INT_CONVERSION = YES;
				CLANG_WARN_NON_LITERAL_NULL_CONVERSION = YES;
				CLANG_WARN_OBJC_IMPLICIT_RETAIN_SELF = YES;
				CLANG_WARN_OBJC_LITERAL_CONVERSION = YES;
				CLANG_WARN_OBJC_ROOT_CLASS = YES_ERROR;
				CLANG_WARN_QUOTED_INCLUDE_IN_FRAMEWORK_HEADER = YES;
				CLANG_WARN_RANGE_LOOP_ANALYSIS = YES;
				CLANG_WARN_STRICT_PROTOTYPES = YES;
				CLANG_WARN_SUSPICIOUS_MOVE = YES;
				CLANG_WARN_UNGUARDED_AVAILABILITY = YES_AGGRESSIVE;
				CLANG_WARN_UNREACHABLE_CODE = YES;
				CLANG_WARN__DUPLICATE_METHOD_MATCH = YES;
				COPY_PHASE_STRIP = NO;
				DEBUG_INFORMATION_FORMAT = dwarf;
				ENABLE_STRICT_OBJC_MSGSEND = YES;
				ENABLE_TESTABILITY = YES;
				GCC_C_LANGUAGE_STANDARD = gnu11;
				GCC_DYNAMIC_NO_PIC = NO;
				GCC_NO_COMMON_BLOCKS = YES;
				GCC_OPTIMIZATION_LEVEL = 0;
				GCC_PREPROCESSOR_DEFINITIONS = (
					"DEBUG=1",
					"$(inherited)",
				);
				GCC_WARN_64_TO_32_BIT_CONVERSION = YES;
				GCC_WARN_ABOUT_RETURN_TYPE = YES_ERROR;
				GCC_WARN_UNDECLARED_SELECTOR = YES;
				GCC_WARN_UNINITIALIZED_AUTOS = YES_AGGRESSIVE;
				GCC_WARN_UNUSED_FUNCTION = YES;
				GCC_WARN_UNUSED_VARIABLE = YES;
				IPHONEOS_DEPLOYMENT_TARGET = 16.4;
				MTL_ENABLE_DEBUG_INFO = INCLUDE_SOURCE;
				MTL_FAST_MATH = YES;
				ONLY_ACTIVE_ARCH = YES;
				SDKROOT = iphoneos;
				SWIFT_ACTIVE_COMPILATION_CONDITIONS = DEBUG;
				SWIFT_OPTIMIZATION_LEVEL = "-Onone";
			};
			name = Debug;
		};
		C8F4D0A02A0DF8600042D28A /* Release */ = {
			isa = XCBuildConfiguration;
			buildSettings = {
				ALWAYS_SEARCH_USER_PATHS = NO;
				CLANG_ANALYZER_NONNULL = YES;
				CLANG_ANALYZER_NUMBER_OBJECT_CONVERSION = YES_AGGRESSIVE;
				CLANG_CXX_LANGUAGE_STANDARD = "gnu++20";
				CLANG_ENABLE_MODULES = YES;
				CLANG_ENABLE_OBJC_ARC = YES;
				CLANG_ENABLE_OBJC_WEAK = YES;
				CLANG_WARN_BLOCK_CAPTURE_AUTORELEASING = YES;
				CLANG_WARN_BOOL_CONVERSION = YES;
				CLANG_WARN_COMMA = YES;
				CLANG_WARN_CONSTANT_CONVERSION = YES;
				CLANG_WARN_DEPRECATED_OBJC_IMPLEMENTATIONS = YES;
				CLANG_WARN_DIRECT_OBJC_ISA_USAGE = YES_ERROR;
				CLANG_WARN_DOCUMENTATION_COMMENTS = YES;
				CLANG_WARN_EMPTY_BODY = YES;
				CLANG_WARN_ENUM_CONVERSION = YES;
				CLANG_WARN_INFINITE_RECURSION = YES;
				CLANG_WARN_INT_CONVERSION = YES;
				CLANG_WARN_NON_LITERAL_NULL_CONVERSION = YES;
				CLANG_WARN_OBJC_IMPLICIT_RETAIN_SELF = YES;
				CLANG_WARN_OBJC_LITERAL_CONVERSION = YES;
				CLANG_WARN_OBJC_ROOT_CLASS = YES_ERROR;
				CLANG_WARN_QUOTED_INCLUDE_IN_FRAMEWORK_HEADER = YES;
				CLANG_WARN_RANGE_LOOP_ANALYSIS = YES;
				CLANG_WARN_STRICT_PROTOTYPES = YES;
				CLANG_WARN_SUSPICIOUS_MOVE = YES;
				CLANG_WARN_UNGUARDED_AVAILABILITY = YES_AGGRESSIVE;
				CLANG_WARN_UNREACHABLE_CODE = YES;
				CLANG_WARN__DUPLICATE_METHOD_MATCH = YES;
				COPY_PHASE_STRIP = NO;
				DEBUG_INFORMATION_FORMAT = "dwarf-with-dsym";
				ENABLE_NS_ASSERTIONS = NO;
				ENABLE_STRICT_OBJC_MSGSEND = YES;
				GCC_C_LANGUAGE_STANDARD = gnu11;
				GCC_NO_COMMON_BLOCKS = YES;
				GCC_WARN_64_TO_32_BIT_CONVERSION = YES;
				GCC_WARN_ABOUT_RETURN_TYPE = YES_ERROR;
				GCC_WARN_UNDECLARED_SELECTOR = YES;
				GCC_WARN_UNINITIALIZED_AUTOS = YES_AGGRESSIVE;
				GCC_WARN_UNUSED_FUNCTION = YES;
				GCC_WARN_UNUSED_VARIABLE = YES;
				IPHONEOS_DEPLOYMENT_TARGET = 16.4;
				MTL_ENABLE_DEBUG_INFO = NO;
				MTL_FAST_MATH = YES;
				SDKROOT = iphoneos;
				SWIFT_COMPILATION_MODE = wholemodule;
				SWIFT_OPTIMIZATION_LEVEL = "-O";
				VALIDATE_PRODUCT = YES;
			};
			name = Release;
		};
		C8F4D0A22A0DF8600042D28A /* Debug */ = {
			isa = XCBuildConfiguration;
			buildSettings = {
				ASSETCATALOG_COMPILER_APPICON_NAME = AppIcon;
				ASSETCATALOG_COMPILER_GLOBAL_ACCENT_COLOR_NAME = AccentColor;
				CODE_SIGN_STYLE = Automatic;
				CURRENT_PROJECT_VERSION = 1;
				DEVELOPMENT_TEAM = 3LGZY3S9Q5;
				GENERATE_INFOPLIST_FILE = YES;
				INFOPLIST_FILE = CompositionalLayoutDemo/Info.plist;
				INFOPLIST_KEY_UIApplicationSupportsIndirectInputEvents = YES;
				INFOPLIST_KEY_UILaunchStoryboardName = LaunchScreen;
				INFOPLIST_KEY_UIMainStoryboardFile = Main;
				INFOPLIST_KEY_UISupportedInterfaceOrientations_iPad = "UIInterfaceOrientationPortrait UIInterfaceOrientationPortraitUpsideDown UIInterfaceOrientationLandscapeLeft UIInterfaceOrientationLandscapeRight";
				INFOPLIST_KEY_UISupportedInterfaceOrientations_iPhone = "UIInterfaceOrientationPortrait UIInterfaceOrientationLandscapeLeft UIInterfaceOrientationLandscapeRight";
				LD_RUNPATH_SEARCH_PATHS = (
					"$(inherited)",
					"@executable_path/Frameworks",
				);
				MARKETING_VERSION = 1.0;
				PRODUCT_BUNDLE_IDENTIFIER = com.kyaw.CompositionalLayoutDemo;
				PRODUCT_NAME = "$(TARGET_NAME)";
				SWIFT_EMIT_LOC_STRINGS = YES;
				SWIFT_VERSION = 5.0;
				TARGETED_DEVICE_FAMILY = "1,2";
			};
			name = Debug;
		};
		C8F4D0A32A0DF8600042D28A /* Release */ = {
			isa = XCBuildConfiguration;
			buildSettings = {
				ASSETCATALOG_COMPILER_APPICON_NAME = AppIcon;
				ASSETCATALOG_COMPILER_GLOBAL_ACCENT_COLOR_NAME = AccentColor;
				CODE_SIGN_STYLE = Automatic;
				CURRENT_PROJECT_VERSION = 1;
				DEVELOPMENT_TEAM = 3LGZY3S9Q5;
				GENERATE_INFOPLIST_FILE = YES;
				INFOPLIST_FILE = CompositionalLayoutDemo/Info.plist;
				INFOPLIST_KEY_UIApplicationSupportsIndirectInputEvents = YES;
				INFOPLIST_KEY_UILaunchStoryboardName = LaunchScreen;
				INFOPLIST_KEY_UIMainStoryboardFile = Main;
				INFOPLIST_KEY_UISupportedInterfaceOrientations_iPad = "UIInterfaceOrientationPortrait UIInterfaceOrientationPortraitUpsideDown UIInterfaceOrientationLandscapeLeft UIInterfaceOrientationLandscapeRight";
				INFOPLIST_KEY_UISupportedInterfaceOrientations_iPhone = "UIInterfaceOrientationPortrait UIInterfaceOrientationLandscapeLeft UIInterfaceOrientationLandscapeRight";
				LD_RUNPATH_SEARCH_PATHS = (
					"$(inherited)",
					"@executable_path/Frameworks",
				);
				MARKETING_VERSION = 1.0;
				PRODUCT_BUNDLE_IDENTIFIER = com.kyaw.CompositionalLayoutDemo;
				PRODUCT_NAME = "$(TARGET_NAME)";
				SWIFT_EMIT_LOC_STRINGS = YES;
				SWIFT_VERSION = 5.0;
				TARGETED_DEVICE_FAMILY = "1,2";
			};
			name = Release;
		};
/* End XCBuildConfiguration section */

/* Begin XCConfigurationList section */
		C8F4D0882A0DF85F0042D28A /* Build configuration list for PBXProject "CompositionalLayoutDemo" */ = {
			isa = XCConfigurationList;
			buildConfigurations = (
				C8F4D09F2A0DF8600042D28A /* Debug */,
				C8F4D0A02A0DF8600042D28A /* Release */,
			);
			defaultConfigurationIsVisible = 0;
			defaultConfigurationName = Release;
		};
		C8F4D0A12A0DF8600042D28A /* Build configuration list for PBXNativeTarget "CompositionalLayoutDemo" */ = {
			isa = XCConfigurationList;
			buildConfigurations = (
				C8F4D0A22A0DF8600042D28A /* Debug */,
				C8F4D0A32A0DF8600042D28A /* Release */,
			);
			defaultConfigurationIsVisible = 0;
			defaultConfigurationName = Release;
		};
/* End XCConfigurationList section */
	};
	rootObject = C8F4D0852A0DF85F0042D28A /* Project object */;
}
